
Microsoft Visual Studio Solution File, Format Version 12.00
# Visual Studio Version 17
VisualStudioVersion = 17.4.33403.182
MinimumVisualStudioVersion = 10.0.40219.1
Project("{FAE04EC0-301F-11D3-BF4B-00C04F79EFBC}") = "EJERCICIOS SEMANA 5", "EJERCICIOS SEMANA 5\EJERCICIOS SEMANA 5.csproj", "{514BD34F-E026-4578-8DDD-2FFE71457EEF}"
EndProject
Global
	GlobalSection(SolutionConfigurationPlatforms) = preSolution
		Debug|Any CPU = Debug|Any CPU
		Release|Any CPU = Release|Any CPU
	EndGlobalSection
	GlobalSection(ProjectConfigurationPlatforms) = postSolution
		{514BD34F-E026-4578-8DDD-2FFE71457EEF}.Debug|Any CPU.ActiveCfg = Debug|Any CPU
		{514BD34F-E026-4578-8DDD-2FFE71457EEF}.Debug|Any CPU.Build.0 = Debug|Any CPU
		{514BD34F-E026-4578-8DDD-2FFE71457EEF}.Release|Any CPU.ActiveCfg = Release|Any CPU
		{514BD34F-E026-4578-8DDD-2FFE71457EEF}.Release|Any CPU.Build.0 = Release|Any CPU
	EndGlobalSection
	GlobalSection(SolutionProperties) = preSolution
		HideSolutionNode = FALSE
	EndGlobalSection
	GlobalSection(ExtensibilityGlobals) = postSolution
		SolutionGuid = {866F26DF-9CFA-4A5F-A785-45873F7D0765}
	EndGlobalSection
EndGlobal
